# This file is automatically @generated by Cargo.
# It is not intended for manual editing.
version = 4

[[package]]
name = "oh_ai"
version = "0.1.0"
dependencies = [
 "oh_sim",
]

[[package]]
name = "oh_cli"
version = "0.1.0"
dependencies = [
 "oh_ai",
 "oh_save",
]

[[package]]
name = "oh_core"
version = "0.1.0"

[[package]]
name = "oh_data"
version = "0.1.0"
dependencies = [
 "oh_core",
]

[[package]]
name = "oh_proto"
version = "0.1.0"
dependencies = [
 "oh_sim",
]

[[package]]
name = "oh_save"
version = "0.1.0"
dependencies = [
 "oh_sim",
]

[[package]]
name = "oh_server"
version = "0.1.0"
dependencies = [
 "oh_ai",
 "oh_proto",
 "oh_save",
]

[[package]]
name = "oh_sim"
version = "0.1.0"
dependencies = [
 "oh_data",
]
